// !$*UTF8*$!
{
	archiveVersion = 1;
	classes = {
	};
	objectVersion = 50;
	objects = {

/* Begin PBXBuildFile section */
		7C22B0CD242CEB9D00048A0F /* main.swift in Sources */ = {isa = PBXBuildFile; fileRef = 7C22B0CC242CEB9D00048A0F /* main.swift */; };
		7C22B0D7242CF3EE00048A0F /* ClassAndStruct.swift in Sources */ = {isa = PBXBuildFile; fileRef = 7C22B0D6242CF3EE00048A0F /* ClassAndStruct.swift */; };
		7C22B0E4242E728D00048A0F /* main.swift in Sources */ = {isa = PBXBuildFile; fileRef = 7C22B0E3242E728D00048A0F /* main.swift */; };
		7C22B0E8242E729800048A0F /* Protocols.swift in Sources */ = {isa = PBXBuildFile; fileRef = 7C22B0D8242CF3FF00048A0F /* Protocols.swift */; };
		7C22B0F0242E741100048A0F /* main.swift in Sources */ = {isa = PBXBuildFile; fileRef = 7C22B0EF242E741100048A0F /* main.swift */; };
		7C22B0F4242E741900048A0F /* Closure.swift in Sources */ = {isa = PBXBuildFile; fileRef = 7C22B0DA242D82A000048A0F /* Closure.swift */; };
		7C22B0FC242E747900048A0F /* main.swift in Sources */ = {isa = PBXBuildFile; fileRef = 7C22B0FB242E747900048A0F /* main.swift */; };
		7C22B100242E748000048A0F /* Initialization.swift in Sources */ = {isa = PBXBuildFile; fileRef = 7C22B0D4242CF3C900048A0F /* Initialization.swift */; };
		7C22B10A242EFB3E00048A0F /* main.swift in Sources */ = {isa = PBXBuildFile; fileRef = 7C22B109242EFB3E00048A0F /* main.swift */; };
		7C22B112242F006500048A0F /* Generics.swift in Sources */ = {isa = PBXBuildFile; fileRef = 7C22B111242F006500048A0F /* Generics.swift */; };
/* End PBXBuildFile section */

/* Begin PBXCopyFilesBuildPhase section */
		7C22B0C7242CEB9D00048A0F /* CopyFiles */ = {
			isa = PBXCopyFilesBuildPhase;
			buildActionMask = 2147483647;
			dstPath = /usr/share/man/man1/;
			dstSubfolderSpec = 0;
			files = (
			);
			runOnlyForDeploymentPostprocessing = 1;
		};
		7C22B0DF242E728D00048A0F /* CopyFiles */ = {
			isa = PBXCopyFilesBuildPhase;
			buildActionMask = 2147483647;
			dstPath = /usr/share/man/man1/;
			dstSubfolderSpec = 0;
			files = (
			);
			runOnlyForDeploymentPostprocessing = 1;
		};
		7C22B0EB242E741100048A0F /* CopyFiles */ = {
			isa = PBXCopyFilesBuildPhase;
			buildActionMask = 2147483647;
			dstPath = /usr/share/man/man1/;
			dstSubfolderSpec = 0;
			files = (
			);
			runOnlyForDeploymentPostprocessing = 1;
		};
		7C22B0F7242E747900048A0F /* CopyFiles */ = {
			isa = PBXCopyFilesBuildPhase;
			buildActionMask = 2147483647;
			dstPath = /usr/share/man/man1/;
			dstSubfolderSpec = 0;
			files = (
			);
			runOnlyForDeploymentPostprocessing = 1;
		};
		7C22B105242EFB3E00048A0F /* CopyFiles */ = {
			isa = PBXCopyFilesBuildPhase;
			buildActionMask = 2147483647;
			dstPath = /usr/share/man/man1/;
			dstSubfolderSpec = 0;
			files = (
			);
			runOnlyForDeploymentPostprocessing = 1;
		};
/* End PBXCopyFilesBuildPhase section */

/* Begin PBXFileReference section */
		7C22B0C9242CEB9D00048A0F /* ClassAndStruct */ = {isa = PBXFileReference; explicitFileType = "compiled.mach-o.executable"; includeInIndex = 0; path = ClassAndStruct; sourceTree = BUILT_PRODUCTS_DIR; };
		7C22B0CC242CEB9D00048A0F /* main.swift */ = {isa = PBXFileReference; lastKnownFileType = sourcecode.swift; path = main.swift; sourceTree = "<group>"; };
		7C22B0D4242CF3C900048A0F /* Initialization.swift */ = {isa = PBXFileReference; lastKnownFileType = sourcecode.swift; path = Initialization.swift; sourceTree = "<group>"; };
		7C22B0D6242CF3EE00048A0F /* ClassAndStruct.swift */ = {isa = PBXFileReference; lastKnownFileType = sourcecode.swift; path = ClassAndStruct.swift; sourceTree = "<group>"; };
		7C22B0D8242CF3FF00048A0F /* Protocols.swift */ = {isa = PBXFileReference; lastKnownFileType = sourcecode.swift; path = Protocols.swift; sourceTree = "<group>"; };
		7C22B0DA242D82A000048A0F /* Closure.swift */ = {isa = PBXFileReference; lastKnownFileType = sourcecode.swift; path = Closure.swift; sourceTree = "<group>"; };
		7C22B0E1242E728D00048A0F /* Protocols */ = {isa = PBXFileReference; explicitFileType = "compiled.mach-o.executable"; includeInIndex = 0; path = Protocols; sourceTree = BUILT_PRODUCTS_DIR; };
		7C22B0E3242E728D00048A0F /* main.swift */ = {isa = PBXFileReference; lastKnownFileType = sourcecode.swift; path = main.swift; sourceTree = "<group>"; };
		7C22B0ED242E741100048A0F /* Closure */ = {isa = PBXFileReference; explicitFileType = "compiled.mach-o.executable"; includeInIndex = 0; path = Closure; sourceTree = BUILT_PRODUCTS_DIR; };
		7C22B0EF242E741100048A0F /* main.swift */ = {isa = PBXFileReference; lastKnownFileType = sourcecode.swift; path = main.swift; sourceTree = "<group>"; };
		7C22B0F9242E747900048A0F /* Initialization */ = {isa = PBXFileReference; explicitFileType = "compiled.mach-o.executable"; includeInIndex = 0; path = Initialization; sourceTree = BUILT_PRODUCTS_DIR; };
		7C22B0FB242E747900048A0F /* main.swift */ = {isa = PBXFileReference; lastKnownFileType = sourcecode.swift; path = main.swift; sourceTree = "<group>"; };
		7C22B107242EFB3E00048A0F /* Generics */ = {isa = PBXFileReference; explicitFileType = "compiled.mach-o.executable"; includeInIndex = 0; path = Generics; sourceTree = BUILT_PRODUCTS_DIR; };
		7C22B109242EFB3E00048A0F /* main.swift */ = {isa = PBXFileReference; lastKnownFileType = sourcecode.swift; path = main.swift; sourceTree = "<group>"; };
		7C22B111242F006500048A0F /* Generics.swift */ = {isa = PBXFileReference; lastKnownFileType = sourcecode.swift; path = Generics.swift; sourceTree = "<group>"; };
/* End PBXFileReference section */

/* Begin PBXFrameworksBuildPhase section */
		7C22B0C6242CEB9D00048A0F /* Frameworks */ = {
			isa = PBXFrameworksBuildPhase;
			buildActionMask = 2147483647;
			files = (
			);
			runOnlyForDeploymentPostprocessing = 0;
		};
		7C22B0DE242E728D00048A0F /* Frameworks */ = {
			isa = PBXFrameworksBuildPhase;
			buildActionMask = 2147483647;
			files = (
			);
			runOnlyForDeploymentPostprocessing = 0;
		};
		7C22B0EA242E741100048A0F /* Frameworks */ = {
			isa = PBXFrameworksBuildPhase;
			buildActionMask = 2147483647;
			files = (
			);
			runOnlyForDeploymentPostprocessing = 0;
		};
		7C22B0F6242E747900048A0F /* Frameworks */ = {
			isa = PBXFrameworksBuildPhase;
			buildActionMask = 2147483647;
			files = (
			);
			runOnlyForDeploymentPostprocessing = 0;
		};
		7C22B104242EFB3E00048A0F /* Frameworks */ = {
			isa = PBXFrameworksBuildPhase;
			buildActionMask = 2147483647;
			files = (
			);
			runOnlyForDeploymentPostprocessing = 0;
		};
/* End PBXFrameworksBuildPhase section */

/* Begin PBXGroup section */
		7C22B0C0242CEB9C00048A0F = {
			isa = PBXGroup;
			children = (
				7C22B101242E8A9E00048A0F /* NanoSwift */,
				7C22B0CA242CEB9D00048A0F /* Products */,
			);
			sourceTree = "<group>";
		};
		7C22B0CA242CEB9D00048A0F /* Products */ = {
			isa = PBXGroup;
			children = (
				7C22B0C9242CEB9D00048A0F /* ClassAndStruct */,
				7C22B0E1242E728D00048A0F /* Protocols */,
				7C22B0ED242E741100048A0F /* Closure */,
				7C22B0F9242E747900048A0F /* Initialization */,
				7C22B107242EFB3E00048A0F /* Generics */,
			);
			name = Products;
			sourceTree = "<group>";
		};
		7C22B0CB242CEB9D00048A0F /* ClassAndStruct */ = {
			isa = PBXGroup;
			children = (
				7C22B0D6242CF3EE00048A0F /* ClassAndStruct.swift */,
				7C22B0CC242CEB9D00048A0F /* main.swift */,
			);
			path = ClassAndStruct;
			sourceTree = "<group>";
		};
		7C22B0E2242E728D00048A0F /* Protocols */ = {
			isa = PBXGroup;
			children = (
				7C22B0D8242CF3FF00048A0F /* Protocols.swift */,
				7C22B0E3242E728D00048A0F /* main.swift */,
			);
			path = Protocols;
			sourceTree = "<group>";
		};
		7C22B0EE242E741100048A0F /* Closure */ = {
			isa = PBXGroup;
			children = (
				7C22B0DA242D82A000048A0F /* Closure.swift */,
				7C22B0EF242E741100048A0F /* main.swift */,
			);
			path = Closure;
			sourceTree = "<group>";
		};
		7C22B0FA242E747900048A0F /* Initialization */ = {
			isa = PBXGroup;
			children = (
				7C22B0D4242CF3C900048A0F /* Initialization.swift */,
				7C22B0FB242E747900048A0F /* main.swift */,
			);
			path = Initialization;
			sourceTree = "<group>";
		};
		7C22B101242E8A9E00048A0F /* NanoSwift */ = {
			isa = PBXGroup;
			children = (
				7C22B108242EFB3E00048A0F /* Generics */,
				7C22B0CB242CEB9D00048A0F /* ClassAndStruct */,
				7C22B0E2242E728D00048A0F /* Protocols */,
				7C22B0EE242E741100048A0F /* Closure */,
				7C22B0FA242E747900048A0F /* Initialization */,
			);
			path = NanoSwift;
			sourceTree = "<group>";
		};
		7C22B108242EFB3E00048A0F /* Generics */ = {
			isa = PBXGroup;
			children = (
				7C22B111242F006500048A0F /* Generics.swift */,
				7C22B109242EFB3E00048A0F /* main.swift */,
			);
			path = Generics;
			sourceTree = "<group>";
		};
/* End PBXGroup section */

/* Begin PBXNativeTarget section */
		7C22B0C8242CEB9D00048A0F /* ClassAndStruct */ = {
			isa = PBXNativeTarget;
			buildConfigurationList = 7C22B0D0242CEB9D00048A0F /* Build configuration list for PBXNativeTarget "ClassAndStruct" */;
			buildPhases = (
				7C22B0C5242CEB9D00048A0F /* Sources */,
				7C22B0C6242CEB9D00048A0F /* Frameworks */,
				7C22B0C7242CEB9D00048A0F /* CopyFiles */,
			);
			buildRules = (
			);
			dependencies = (
			);
			name = ClassAndStruct;
			productName = NanoSwift;
			productReference = 7C22B0C9242CEB9D00048A0F /* ClassAndStruct */;
			productType = "com.apple.product-type.tool";
		};
		7C22B0E0242E728D00048A0F /* Protocols */ = {
			isa = PBXNativeTarget;
			buildConfigurationList = 7C22B0E5242E728D00048A0F /* Build configuration list for PBXNativeTarget "Protocols" */;
			buildPhases = (
				7C22B0DD242E728D00048A0F /* Sources */,
				7C22B0DE242E728D00048A0F /* Frameworks */,
				7C22B0DF242E728D00048A0F /* CopyFiles */,
			);
			buildRules = (
			);
			dependencies = (
			);
			name = Protocols;
			productName = Protocols;
			productReference = 7C22B0E1242E728D00048A0F /* Protocols */;
			productType = "com.apple.product-type.tool";
		};
		7C22B0EC242E741100048A0F /* Closure */ = {
			isa = PBXNativeTarget;
			buildConfigurationList = 7C22B0F1242E741100048A0F /* Build configuration list for PBXNativeTarget "Closure" */;
			buildPhases = (
				7C22B0E9242E741100048A0F /* Sources */,
				7C22B0EA242E741100048A0F /* Frameworks */,
				7C22B0EB242E741100048A0F /* CopyFiles */,
			);
			buildRules = (
			);
			dependencies = (
			);
			name = Closure;
			productName = Closure;
			productReference = 7C22B0ED242E741100048A0F /* Closure */;
			productType = "com.apple.product-type.tool";
		};
		7C22B0F8242E747900048A0F /* Initialization */ = {
			isa = PBXNativeTarget;
			buildConfigurationList = 7C22B0FD242E747900048A0F /* Build configuration list for PBXNativeTarget "Initialization" */;
			buildPhases = (
				7C22B0F5242E747900048A0F /* Sources */,
				7C22B0F6242E747900048A0F /* Frameworks */,
				7C22B0F7242E747900048A0F /* CopyFiles */,
			);
			buildRules = (
			);
			dependencies = (
			);
			name = Initialization;
			productName = Initialization;
			productReference = 7C22B0F9242E747900048A0F /* Initialization */;
			productType = "com.apple.product-type.tool";
		};
		7C22B106242EFB3E00048A0F /* Generics */ = {
			isa = PBXNativeTarget;
			buildConfigurationList = 7C22B10D242EFB3E00048A0F /* Build configuration list for PBXNativeTarget "Generics" */;
			buildPhases = (
				7C22B103242EFB3E00048A0F /* Sources */,
				7C22B104242EFB3E00048A0F /* Frameworks */,
				7C22B105242EFB3E00048A0F /* CopyFiles */,
			);
			buildRules = (
			);
			dependencies = (
			);
			name = Generics;
			productName = Generics;
			productReference = 7C22B107242EFB3E00048A0F /* Generics */;
			productType = "com.apple.product-type.tool";
		};
/* End PBXNativeTarget section */

/* Begin PBXProject section */
		7C22B0C1242CEB9C00048A0F /* Project object */ = {
			isa = PBXProject;
			attributes = {
				LastSwiftUpdateCheck = 1130;
				LastUpgradeCheck = 1130;
				ORGANIZATIONNAME = Joseph;
				TargetAttributes = {
					7C22B0C8242CEB9D00048A0F = {
						CreatedOnToolsVersion = 11.3.1;
					};
					7C22B0E0242E728D00048A0F = {
						CreatedOnToolsVersion = 11.3.1;
					};
					7C22B0EC242E741100048A0F = {
						CreatedOnToolsVersion = 11.3.1;
					};
					7C22B0F8242E747900048A0F = {
						CreatedOnToolsVersion = 11.3.1;
					};
					7C22B106242EFB3E00048A0F = {
						CreatedOnToolsVersion = 11.3.1;
					};
				};
			};
			buildConfigurationList = 7C22B0C4242CEB9C00048A0F /* Build configuration list for PBXProject "NanoSwift" */;
			compatibilityVersion = "Xcode 9.3";
			developmentRegion = en;
			hasScannedForEncodings = 0;
			knownRegions = (
				en,
				Base,
			);
			mainGroup = 7C22B0C0242CEB9C00048A0F;
			productRefGroup = 7C22B0CA242CEB9D00048A0F /* Products */;
			projectDirPath = "";
			projectRoot = "";
			targets = (
				7C22B0C8242CEB9D00048A0F /* ClassAndStruct */,
				7C22B0E0242E728D00048A0F /* Protocols */,
				7C22B0EC242E741100048A0F /* Closure */,
				7C22B0F8242E747900048A0F /* Initialization */,
				7C22B106242EFB3E00048A0F /* Generics */,
			);
		};
/* End PBXProject section */

/* Begin PBXSourcesBuildPhase section */
		7C22B0C5242CEB9D00048A0F /* Sources */ = {
			isa = PBXSourcesBuildPhase;
			buildActionMask = 2147483647;
			files = (
				7C22B0CD242CEB9D00048A0F /* main.swift in Sources */,
				7C22B0D7242CF3EE00048A0F /* ClassAndStruct.swift in Sources */,
			);
			runOnlyForDeploymentPostprocessing = 0;
		};
		7C22B0DD242E728D00048A0F /* Sources */ = {
			isa = PBXSourcesBuildPhase;
			buildActionMask = 2147483647;
			files = (
				7C22B0E4242E728D00048A0F /* main.swift in Sources */,
				7C22B0E8242E729800048A0F /* Protocols.swift in Sources */,
			);
			runOnlyForDeploymentPostprocessing = 0;
		};
		7C22B0E9242E741100048A0F /* Sources */ = {
			isa = PBXSourcesBuildPhase;
			buildActionMask = 2147483647;
			files = (
				7C22B0F0242E741100048A0F /* main.swift in Sources */,
				7C22B0F4242E741900048A0F /* Closure.swift in Sources */,
			);
			runOnlyForDeploymentPostprocessing = 0;
		};
		7C22B0F5242E747900048A0F /* Sources */ = {
			isa = PBXSourcesBuildPhase;
			buildActionMask = 2147483647;
			files = (
				7C22B0FC242E747900048A0F /* main.swift in Sources */,
				7C22B100242E748000048A0F /* Initialization.swift in Sources */,
			);
			runOnlyForDeploymentPostprocessing = 0;
		};
		7C22B103242EFB3E00048A0F /* Sources */ = {
			isa = PBXSourcesBuildPhase;
			buildActionMask = 2147483647;
			files = (
				7C22B10A242EFB3E00048A0F /* main.swift in Sources */,
				7C22B112242F006500048A0F /* Generics.swift in Sources */,
			);
			runOnlyForDeploymentPostprocessing = 0;
		};
/* End PBXSourcesBuildPhase section */

/* Begin XCBuildConfiguration section */
		7C22B0CE242CEB9D00048A0F /* Debug */ = {
			isa = XCBuildConfiguration;
			buildSettings = {
				ALWAYS_SEARCH_USER_PATHS = NO;
				CLANG_ANALYZER_NONNULL = YES;
				CLANG_ANALYZER_NUMBER_OBJECT_CONVERSION = YES_AGGRESSIVE;
				CLANG_CXX_LANGUAGE_STANDARD = "gnu++14";
				CLANG_CXX_LIBRARY = "libc++";
				CLANG_ENABLE_MODULES = YES;
				CLANG_ENABLE_OBJC_ARC = YES;
				CLANG_ENABLE_OBJC_WEAK = YES;
				CLANG_WARN_BLOCK_CAPTURE_AUTORELEASING = YES;
				CLANG_WARN_BOOL_CONVERSION = YES;
				CLANG_WARN_COMMA = YES;
				CLANG_WARN_CONSTANT_CONVERSION = YES;
				CLANG_WARN_DEPRECATED_OBJC_IMPLEMENTATIONS = YES;
				CLANG_WARN_DIRECT_OBJC_ISA_USAGE = YES_ERROR;
				CLANG_WARN_DOCUMENTATION_COMMENTS = YES;
				CLANG_WARN_EMPTY_BODY = YES;
				CLANG_WARN_ENUM_CONVERSION = YES;
				CLANG_WARN_INFINITE_RECURSION = YES;
				CLANG_WARN_INT_CONVERSION = YES;
				CLANG_WARN_NON_LITERAL_NULL_CONVERSION = YES;
				CLANG_WARN_OBJC_IMPLICIT_RETAIN_SELF = YES;
				CLANG_WARN_OBJC_LITERAL_CONVERSION = YES;
				CLANG_WARN_OBJC_ROOT_CLASS = YES_ERROR;
				CLANG_WARN_RANGE_LOOP_ANALYSIS = YES;
				CLANG_WARN_STRICT_PROTOTYPES = YES;
				CLANG_WARN_SUSPICIOUS_MOVE = YES;
				CLANG_WARN_UNGUARDED_AVAILABILITY = YES_AGGRESSIVE;
				CLANG_WARN_UNREACHABLE_CODE = YES;
				CLANG_WARN__DUPLICATE_METHOD_MATCH = YES;
				COPY_PHASE_STRIP = NO;
				DEBUG_INFORMATION_FORMAT = dwarf;
				ENABLE_STRICT_OBJC_MSGSEND = YES;
				ENABLE_TESTABILITY = YES;
				GCC_C_LANGUAGE_STANDARD = gnu11;
				GCC_DYNAMIC_NO_PIC = NO;
				GCC_NO_COMMON_BLOCKS = YES;
				GCC_OPTIMIZATION_LEVEL = 0;
				GCC_PREPROCESSOR_DEFINITIONS = (
					"DEBUG=1",
					"$(inherited)",
				);
				GCC_WARN_64_TO_32_BIT_CONVERSION = YES;
				GCC_WARN_ABOUT_RETURN_TYPE = YES_ERROR;
				GCC_WARN_UNDECLARED_SELECTOR = YES;
				GCC_WARN_UNINITIALIZED_AUTOS = YES_AGGRESSIVE;
				GCC_WARN_UNUSED_FUNCTION = YES;
				GCC_WARN_UNUSED_VARIABLE = YES;
				MACOSX_DEPLOYMENT_TARGET = 10.15;
				MTL_ENABLE_DEBUG_INFO = INCLUDE_SOURCE;
				MTL_FAST_MATH = YES;
				ONLY_ACTIVE_ARCH = YES;
				SDKROOT = macosx;
				SWIFT_ACTIVE_COMPILATION_CONDITIONS = DEBUG;
				SWIFT_OPTIMIZATION_LEVEL = "-Onone";
			};
			name = Debug;
		};
		7C22B0CF242CEB9D00048A0F /* Release */ = {
			isa = XCBuildConfiguration;
			buildSettings = {
				ALWAYS_SEARCH_USER_PATHS = NO;
				CLANG_ANALYZER_NONNULL = YES;
				CLANG_ANALYZER_NUMBER_OBJECT_CONVERSION = YES_AGGRESSIVE;
				CLANG_CXX_LANGUAGE_STANDARD = "gnu++14";
				CLANG_CXX_LIBRARY = "libc++";
				CLANG_ENABLE_MODULES = YES;
				CLANG_ENABLE_OBJC_ARC = YES;
				CLANG_ENABLE_OBJC_WEAK = YES;
				CLANG_WARN_BLOCK_CAPTURE_AUTORELEASING = YES;
				CLANG_WARN_BOOL_CONVERSION = YES;
				CLANG_WARN_COMMA = YES;
				CLANG_WARN_CONSTANT_CONVERSION = YES;
				CLANG_WARN_DEPRECATED_OBJC_IMPLEMENTATIONS = YES;
				CLANG_WARN_DIRECT_OBJC_ISA_USAGE = YES_ERROR;
				CLANG_WARN_DOCUMENTATION_COMMENTS = YES;
				CLANG_WARN_EMPTY_BODY = YES;
				CLANG_WARN_ENUM_CONVERSION = YES;
				CLANG_WARN_INFINITE_RECURSION = YES;
				CLANG_WARN_INT_CONVERSION = YES;
				CLANG_WARN_NON_LITERAL_NULL_CONVERSION = YES;
				CLANG_WARN_OBJC_IMPLICIT_RETAIN_SELF = YES;
				CLANG_WARN_OBJC_LITERAL_CONVERSION = YES;
				CLANG_WARN_OBJC_ROOT_CLASS = YES_ERROR;
				CLANG_WARN_RANGE_LOOP_ANALYSIS = YES;
				CLANG_WARN_STRICT_PROTOTYPES = YES;
				CLANG_WARN_SUSPICIOUS_MOVE = YES;
				CLANG_WARN_UNGUARDED_AVAILABILITY = YES_AGGRESSIVE;
				CLANG_WARN_UNREACHABLE_CODE = YES;
				CLANG_WARN__DUPLICATE_METHOD_MATCH = YES;
				COPY_PHASE_STRIP = NO;
				DEBUG_INFORMATION_FORMAT = "dwarf-with-dsym";
				ENABLE_NS_ASSERTIONS = NO;
				ENABLE_STRICT_OBJC_MSGSEND = YES;
				GCC_C_LANGUAGE_STANDARD = gnu11;
				GCC_NO_COMMON_BLOCKS = YES;
				GCC_WARN_64_TO_32_BIT_CONVERSION = YES;
				GCC_WARN_ABOUT_RETURN_TYPE = YES_ERROR;
				GCC_WARN_UNDECLARED_SELECTOR = YES;
				GCC_WARN_UNINITIALIZED_AUTOS = YES_AGGRESSIVE;
				GCC_WARN_UNUSED_FUNCTION = YES;
				GCC_WARN_UNUSED_VARIABLE = YES;
				MACOSX_DEPLOYMENT_TARGET = 10.15;
				MTL_ENABLE_DEBUG_INFO = NO;
				MTL_FAST_MATH = YES;
				SDKROOT = macosx;
				SWIFT_COMPILATION_MODE = wholemodule;
				SWIFT_OPTIMIZATION_LEVEL = "-O";
			};
			name = Release;
		};
		7C22B0D1242CEB9D00048A0F /* Debug */ = {
			isa = XCBuildConfiguration;
			buildSettings = {
				CODE_SIGN_STYLE = Automatic;
				PRODUCT_NAME = "$(TARGET_NAME)";
				SWIFT_VERSION = 5.0;
			};
			name = Debug;
		};
		7C22B0D2242CEB9D00048A0F /* Release */ = {
			isa = XCBuildConfiguration;
			buildSettings = {
				CODE_SIGN_STYLE = Automatic;
				PRODUCT_NAME = "$(TARGET_NAME)";
				SWIFT_VERSION = 5.0;
			};
			name = Release;
		};
		7C22B0E6242E728D00048A0F /* Debug */ = {
			isa = XCBuildConfiguration;
			buildSettings = {
				CODE_SIGN_STYLE = Automatic;
				PRODUCT_NAME = "$(TARGET_NAME)";
				SWIFT_VERSION = 5.0;
			};
			name = Debug;
		};
		7C22B0E7242E728D00048A0F /* Release */ = {
			isa = XCBuildConfiguration;
			buildSettings = {
				CODE_SIGN_STYLE = Automatic;
				PRODUCT_NAME = "$(TARGET_NAME)";
				SWIFT_VERSION = 5.0;
			};
			name = Release;
		};
		7C22B0F2242E741100048A0F /* Debug */ = {
			isa = XCBuildConfiguration;
			buildSettings = {
				CODE_SIGN_STYLE = Automatic;
				PRODUCT_NAME = "$(TARGET_NAME)";
				SWIFT_VERSION = 5.0;
			};
			name = Debug;
		};
		7C22B0F3242E741100048A0F /* Release */ = {
			isa = XCBuildConfiguration;
			buildSettings = {
				CODE_SIGN_STYLE = Automatic;
				PRODUCT_NAME = "$(TARGET_NAME)";
				SWIFT_VERSION = 5.0;
			};
			name = Release;
		};
		7C22B0FE242E747900048A0F /* Debug */ = {
			isa = XCBuildConfiguration;
			buildSettings = {
				CODE_SIGN_STYLE = Automatic;
				PRODUCT_NAME = "$(TARGET_NAME)";
				SWIFT_VERSION = 5.0;
			};
			name = Debug;
		};
		7C22B0FF242E747900048A0F /* Release */ = {
			isa = XCBuildConfiguration;
			buildSettings = {
				CODE_SIGN_STYLE = Automatic;
				PRODUCT_NAME = "$(TARGET_NAME)";
				SWIFT_VERSION = 5.0;
			};
			name = Release;
		};
		7C22B10B242EFB3E00048A0F /* Debug */ = {
			isa = XCBuildConfiguration;
			buildSettings = {
				CODE_SIGN_STYLE = Automatic;
				PRODUCT_NAME = "$(TARGET_NAME)";
				SWIFT_VERSION = 5.0;
			};
			name = Debug;
		};
		7C22B10C242EFB3E00048A0F /* Release */ = {
			isa = XCBuildConfiguration;
			buildSettings = {
				CODE_SIGN_STYLE = Automatic;
				PRODUCT_NAME = "$(TARGET_NAME)";
				SWIFT_VERSION = 5.0;
			};
			name = Release;
		};
/* End XCBuildConfiguration section */

/* Begin XCConfigurationList section */
		7C22B0C4242CEB9C00048A0F /* Build configuration list for PBXProject "NanoSwift" */ = {
			isa = XCConfigurationList;
			buildConfigurations = (
				7C22B0CE242CEB9D00048A0F /* Debug */,
				7C22B0CF242CEB9D00048A0F /* Release */,
			);
			defaultConfigurationIsVisible = 0;
			defaultConfigurationName = Release;
		};
		7C22B0D0242CEB9D00048A0F /* Build configuration list for PBXNativeTarget "ClassAndStruct" */ = {
			isa = XCConfigurationList;
			buildConfigurations = (
				7C22B0D1242CEB9D00048A0F /* Debug */,
				7C22B0D2242CEB9D00048A0F /* Release */,
			);
			defaultConfigurationIsVisible = 0;
			defaultConfigurationName = Release;
		};
		7C22B0E5242E728D00048A0F /* Build configuration list for PBXNativeTarget "Protocols" */ = {
			isa = XCConfigurationList;
			buildConfigurations = (
				7C22B0E6242E728D00048A0F /* Debug */,
				7C22B0E7242E728D00048A0F /* Release */,
			);
			defaultConfigurationIsVisible = 0;
			defaultConfigurationName = Release;
		};
		7C22B0F1242E741100048A0F /* Build configuration list for PBXNativeTarget "Closure" */ = {
			isa = XCConfigurationList;
			buildConfigurations = (
				7C22B0F2242E741100048A0F /* Debug */,
				7C22B0F3242E741100048A0F /* Release */,
			);
			defaultConfigurationIsVisible = 0;
			defaultConfigurationName = Release;
		};
		7C22B0FD242E747900048A0F /* Build configuration list for PBXNativeTarget "Initialization" */ = {
			isa = XCConfigurationList;
			buildConfigurations = (
				7C22B0FE242E747900048A0F /* Debug */,
				7C22B0FF242E747900048A0F /* Release */,
			);
			defaultConfigurationIsVisible = 0;
			defaultConfigurationName = Release;
		};
		7C22B10D242EFB3E00048A0F /* Build configuration list for PBXNativeTarget "Generics" */ = {
			isa = XCConfigurationList;
			buildConfigurations = (
				7C22B10B242EFB3E00048A0F /* Debug */,
				7C22B10C242EFB3E00048A0F /* Release */,
			);
			defaultConfigurationIsVisible = 0;
			defaultConfigurationName = Release;
		};
/* End XCConfigurationList section */
	};
	rootObject = 7C22B0C1242CEB9C00048A0F /* Project object */;
}
